github.com/blocto/solana-go-sdk v1.27.0 h1:nIsV0S0Hu7M0SktkgdDuTI/mM4FLyoInpu5M7wsl2W4=
github.com/blocto/solana-go-sdk v1.27.0/go.mod h1:Xoyhhb3hrGpEQ5rJps5a3OgMwDpmEhrd9bgzFKkkwMs=
github.com/davecgh/go-spew v1.1.1 h1:vj9j/u1bqnvCEfJOwUhtlOARqs3+rkHYY13jYWTU97c=
github.com/davecgh/go-spew v1.1.1/go.mod h1:J7Y8YcW2NihsgmVo/mv3lAwl/skON4iLHjSsI+c5H38=
github.com/zeromicro/go-zero v1.6.3 h1:OL0NnHD5LdRNDolfcK9vUkJt7K8TcBE3RkzfM8poOVw=
github.com/zeromicro/go-zero v1.6.3/go.mod h1:XZL435ZxVi9MSXXtw2MRQhHgx6OoX3++MRMOE9xU70c=
